// !$*UTF8*$!
{
	archiveVersion = 1;
	classes = {
	};
	objectVersion = 50;
	objects = {

/* Begin PBXBuildFile section */
		18BBBEF721EE8B150099F9A7 /* AppDelegate.swift in Sources */ = {isa = PBXBuildFile; fileRef = 18BBBEF621EE8B150099F9A7 /* AppDelegate.swift */; };
		18BBBEF921EE8B150099F9A7 /* ViewController.swift in Sources */ = {isa = PBXBuildFile; fileRef = 18BBBEF821EE8B150099F9A7 /* ViewController.swift */; };
		18BBBEFC21EE8B150099F9A7 /* Main.storyboard in Resources */ = {isa = PBXBuildFile; fileRef = 18BBBEFA21EE8B150099F9A7 /* Main.storyboard */; };
		18BBBEFE21EE8B150099F9A7 /* Assets.xcassets in Resources */ = {isa = PBXBuildFile; fileRef = 18BBBEFD21EE8B150099F9A7 /* Assets.xcassets */; };
		18BBBF0121EE8B150099F9A7 /* LaunchScreen.storyboard in Resources */ = {isa = PBXBuildFile; fileRef = 18BBBEFF21EE8B150099F9A7 /* LaunchScreen.storyboard */; };
		18BBBF0C21EE8B160099F9A7 /* LiYangHW1Tests.swift in Sources */ = {isa = PBXBuildFile; fileRef = 18BBBF0B21EE8B160099F9A7 /* LiYangHW1Tests.swift */; };
		18BBBF1721EE8B160099F9A7 /* LiYangHW1UITests.swift in Sources */ = {isa = PBXBuildFile; fileRef = 18BBBF1621EE8B160099F9A7 /* LiYangHW1UITests.swift */; };
/* End PBXBuildFile section */

/* Begin PBXContainerItemProxy section */
		18BBBF0821EE8B160099F9A7 /* PBXContainerItemProxy */ = {
			isa = PBXContainerItemProxy;
			containerPortal = 18BBBEEB21EE8B150099F9A7 /* Project object */;
			proxyType = 1;
			remoteGlobalIDString = 18BBBEF221EE8B150099F9A7;
			remoteInfo = LiYangHW1;
		};
		18BBBF1321EE8B160099F9A7 /* PBXContainerItemProxy */ = {
			isa = PBXContainerItemProxy;
			containerPortal = 18BBBEEB21EE8B150099F9A7 /* Project object */;
			proxyType = 1;
			remoteGlobalIDString = 18BBBEF221EE8B150099F9A7;
			remoteInfo = LiYangHW1;
		};
/* End PBXContainerItemProxy section */

/* Begin PBXFileReference section */
		18BBBEF321EE8B150099F9A7 /* LiYangHW1.app */ = {isa = PBXFileReference; explicitFileType = wrapper.application; includeInIndex = 0; path = LiYangHW1.app; sourceTree = BUILT_PRODUCTS_DIR; };
		18BBBEF621EE8B150099F9A7 /* AppDelegate.swift */ = {isa = PBXFileReference; lastKnownFileType = sourcecode.swift; path = AppDelegate.swift; sourceTree = "<group>"; };
		18BBBEF821EE8B150099F9A7 /* ViewController.swift */ = {isa = PBXFileReference; lastKnownFileType = sourcecode.swift; path = ViewController.swift; sourceTree = "<group>"; };
		18BBBEFB21EE8B150099F9A7 /* Base */ = {isa = PBXFileReference; lastKnownFileType = file.storyboard; name = Base; path = Base.lproj/Main.storyboard; sourceTree = "<group>"; };
		18BBBEFD21EE8B150099F9A7 /* Assets.xcassets */ = {isa = PBXFileReference; lastKnownFileType = folder.assetcatalog; path = Assets.xcassets; sourceTree = "<group>"; };
		18BBBF0021EE8B150099F9A7 /* Base */ = {isa = PBXFileReference; lastKnownFileType = file.storyboard; name = Base; path = Base.lproj/LaunchScreen.storyboard; sourceTree = "<group>"; };
		18BBBF0221EE8B150099F9A7 /* Info.plist */ = {isa = PBXFileReference; lastKnownFileType = text.plist.xml; path = Info.plist; sourceTree = "<group>"; };
		18BBBF0721EE8B160099F9A7 /* LiYangHW1Tests.xctest */ = {isa = PBXFileReference; explicitFileType = wrapper.cfbundle; includeInIndex = 0; path = LiYangHW1Tests.xctest; sourceTree = BUILT_PRODUCTS_DIR; };
		18BBBF0B21EE8B160099F9A7 /* LiYangHW1Tests.swift */ = {isa = PBXFileReference; lastKnownFileType = sourcecode.swift; path = LiYangHW1Tests.swift; sourceTree = "<group>"; };
		18BBBF0D21EE8B160099F9A7 /* Info.plist */ = {isa = PBXFileReference; lastKnownFileType = text.plist.xml; path = Info.plist; sourceTree = "<group>"; };
		18BBBF1221EE8B160099F9A7 /* LiYangHW1UITests.xctest */ = {isa = PBXFileReference; explicitFileType = wrapper.cfbundle; includeInIndex = 0; path = LiYangHW1UITests.xctest; sourceTree = BUILT_PRODUCTS_DIR; };
		18BBBF1621EE8B160099F9A7 /* LiYangHW1UITests.swift */ = {isa = PBXFileReference; lastKnownFileType = sourcecode.swift; path = LiYangHW1UITests.swift; sourceTree = "<group>"; };
		18BBBF1821EE8B160099F9A7 /* Info.plist */ = {isa = PBXFileReference; lastKnownFileType = text.plist.xml; path = Info.plist; sourceTree = "<group>"; };
/* End PBXFileReference section */

/* Begin PBXFrameworksBuildPhase section */
		18BBBEF021EE8B150099F9A7 /* Frameworks */ = {
			isa = PBXFrameworksBuildPhase;
			buildActionMask = 2147483647;
			files = (
			);
			runOnlyForDeploymentPostprocessing = 0;
		};
		18BBBF0421EE8B160099F9A7 /* Frameworks */ = {
			isa = PBXFrameworksBuildPhase;
			buildActionMask = 2147483647;
			files = (
			);
			runOnlyForDeploymentPostprocessing = 0;
		};
		18BBBF0F21EE8B160099F9A7 /* Frameworks */ = {
			isa = PBXFrameworksBuildPhase;
			buildActionMask = 2147483647;
			files = (
			);
			runOnlyForDeploymentPostprocessing = 0;
		};
/* End PBXFrameworksBuildPhase section */

/* Begin PBXGroup section */
		18BBBEEA21EE8B150099F9A7 = {
			isa = PBXGroup;
			children = (
				18BBBEF521EE8B150099F9A7 /* LiYangHW1 */,
				18BBBF0A21EE8B160099F9A7 /* LiYangHW1Tests */,
				18BBBF1521EE8B160099F9A7 /* LiYangHW1UITests */,
				18BBBEF421EE8B150099F9A7 /* Products */,
			);
			sourceTree = "<group>";
		};
		18BBBEF421EE8B150099F9A7 /* Products */ = {
			isa = PBXGroup;
			children = (
				18BBBEF321EE8B150099F9A7 /* LiYangHW1.app */,
				18BBBF0721EE8B160099F9A7 /* LiYangHW1Tests.xctest */,
				18BBBF1221EE8B160099F9A7 /* LiYangHW1UITests.xctest */,
			);
			name = Products;
			sourceTree = "<group>";
		};
		18BBBEF521EE8B150099F9A7 /* LiYangHW1 */ = {
			isa = PBXGroup;
			children = (
				18BBBEF621EE8B150099F9A7 /* AppDelegate.swift */,
				18BBBEF821EE8B150099F9A7 /* ViewController.swift */,
				18BBBEFA21EE8B150099F9A7 /* Main.storyboard */,
				18BBBEFD21EE8B150099F9A7 /* Assets.xcassets */,
				18BBBEFF21EE8B150099F9A7 /* LaunchScreen.storyboard */,
				18BBBF0221EE8B150099F9A7 /* Info.plist */,
			);
			path = LiYangHW1;
			sourceTree = "<group>";
		};
		18BBBF0A21EE8B160099F9A7 /* LiYangHW1Tests */ = {
			isa = PBXGroup;
			children = (
				18BBBF0B21EE8B160099F9A7 /* LiYangHW1Tests.swift */,
				18BBBF0D21EE8B160099F9A7 /* Info.plist */,
			);
			path = LiYangHW1Tests;
			sourceTree = "<group>";
		};
		18BBBF1521EE8B160099F9A7 /* LiYangHW1UITests */ = {
			isa = PBXGroup;
			children = (
				18BBBF1621EE8B160099F9A7 /* LiYangHW1UITests.swift */,
				18BBBF1821EE8B160099F9A7 /* Info.plist */,
			);
			path = LiYangHW1UITests;
			sourceTree = "<group>";
		};
/* End PBXGroup section */

/* Begin PBXNativeTarget section */
		18BBBEF221EE8B150099F9A7 /* LiYangHW1 */ = {
			isa = PBXNativeTarget;
			buildConfigurationList = 18BBBF1B21EE8B160099F9A7 /* Build configuration list for PBXNativeTarget "LiYangHW1" */;
			buildPhases = (
				18BBBEEF21EE8B150099F9A7 /* Sources */,
				18BBBEF021EE8B150099F9A7 /* Frameworks */,
				18BBBEF121EE8B150099F9A7 /* Resources */,
			);
			buildRules = (
			);
			dependencies = (
			);
			name = LiYangHW1;
			productName = LiYangHW1;
			productReference = 18BBBEF321EE8B150099F9A7 /* LiYangHW1.app */;
			productType = "com.apple.product-type.application";
		};
		18BBBF0621EE8B160099F9A7 /* LiYangHW1Tests */ = {
			isa = PBXNativeTarget;
			buildConfigurationList = 18BBBF1E21EE8B160099F9A7 /* Build configuration list for PBXNativeTarget "LiYangHW1Tests" */;
			buildPhases = (
				18BBBF0321EE8B160099F9A7 /* Sources */,
				18BBBF0421EE8B160099F9A7 /* Frameworks */,
				18BBBF0521EE8B160099F9A7 /* Resources */,
			);
			buildRules = (
			);
			dependencies = (
				18BBBF0921EE8B160099F9A7 /* PBXTargetDependency */,
			);
			name = LiYangHW1Tests;
			productName = LiYangHW1Tests;
			productReference = 18BBBF0721EE8B160099F9A7 /* LiYangHW1Tests.xctest */;
			productType = "com.apple.product-type.bundle.unit-test";
		};
		18BBBF1121EE8B160099F9A7 /* LiYangHW1UITests */ = {
			isa = PBXNativeTarget;
			buildConfigurationList = 18BBBF2121EE8B160099F9A7 /* Build configuration list for PBXNativeTarget "LiYangHW1UITests" */;
			buildPhases = (
				18BBBF0E21EE8B160099F9A7 /* Sources */,
				18BBBF0F21EE8B160099F9A7 /* Frameworks */,
				18BBBF1021EE8B160099F9A7 /* Resources */,
			);
			buildRules = (
			);
			dependencies = (
				18BBBF1421EE8B160099F9A7 /* PBXTargetDependency */,
			);
			name = LiYangHW1UITests;
			productName = LiYangHW1UITests;
			productReference = 18BBBF1221EE8B160099F9A7 /* LiYangHW1UITests.xctest */;
			productType = "com.apple.product-type.bundle.ui-testing";
		};
/* End PBXNativeTarget section */

/* Begin PBXProject section */
		18BBBEEB21EE8B150099F9A7 /* Project object */ = {
			isa = PBXProject;
			attributes = {
				LastSwiftUpdateCheck = 1010;
				LastUpgradeCheck = 1010;
				ORGANIZATIONNAME = "ITP-342";
				TargetAttributes = {
					18BBBEF221EE8B150099F9A7 = {
						CreatedOnToolsVersion = 10.1;
					};
					18BBBF0621EE8B160099F9A7 = {
						CreatedOnToolsVersion = 10.1;
						TestTargetID = 18BBBEF221EE8B150099F9A7;
					};
					18BBBF1121EE8B160099F9A7 = {
						CreatedOnToolsVersion = 10.1;
						TestTargetID = 18BBBEF221EE8B150099F9A7;
					};
				};
			};
			buildConfigurationList = 18BBBEEE21EE8B150099F9A7 /* Build configuration list for PBXProject "LiYangHW1" */;
			compatibilityVersion = "Xcode 9.3";
			developmentRegion = en;
			hasScannedForEncodings = 0;
			knownRegions = (
				en,
				Base,
			);
			mainGroup = 18BBBEEA21EE8B150099F9A7;
			productRefGroup = 18BBBEF421EE8B150099F9A7 /* Products */;
			projectDirPath = "";
			projectRoot = "";
			targets = (
				18BBBEF221EE8B150099F9A7 /* LiYangHW1 */,
				18BBBF0621EE8B160099F9A7 /* LiYangHW1Tests */,
				18BBBF1121EE8B160099F9A7 /* LiYangHW1UITests */,
			);
		};
/* End PBXProject section */

/* Begin PBXResourcesBuildPhase section */
		18BBBEF121EE8B150099F9A7 /* Resources */ = {
			isa = PBXResourcesBuildPhase;
			buildActionMask = 2147483647;
			files = (
				18BBBF0121EE8B150099F9A7 /* LaunchScreen.storyboard in Resources */,
				18BBBEFE21EE8B150099F9A7 /* Assets.xcassets in Resources */,
				18BBBEFC21EE8B150099F9A7 /* Main.storyboard in Resources */,
			);
			runOnlyForDeploymentPostprocessing = 0;
		};
		18BBBF0521EE8B160099F9A7 /* Resources */ = {
			isa = PBXResourcesBuildPhase;
			buildActionMask = 2147483647;
			files = (
			);
			runOnlyForDeploymentPostprocessing = 0;
		};
		18BBBF1021EE8B160099F9A7 /* Resources */ = {
			isa = PBXResourcesBuildPhase;
			buildActionMask = 2147483647;
			files = (
			);
			runOnlyForDeploymentPostprocessing = 0;
		};
/* End PBXResourcesBuildPhase section */

/* Begin PBXSourcesBuildPhase section */
		18BBBEEF21EE8B150099F9A7 /* Sources */ = {
			isa = PBXSourcesBuildPhase;
			buildActionMask = 2147483647;
			files = (
				18BBBEF921EE8B150099F9A7 /* ViewController.swift in Sources */,
				18BBBEF721EE8B150099F9A7 /* AppDelegate.swift in Sources */,
			);
			runOnlyForDeploymentPostprocessing = 0;
		};
		18BBBF0321EE8B160099F9A7 /* Sources */ = {
			isa = PBXSourcesBuildPhase;
			buildActionMask = 2147483647;
			files = (
				18BBBF0C21EE8B160099F9A7 /* LiYangHW1Tests.swift in Sources */,
			);
			runOnlyForDeploymentPostprocessing = 0;
		};
		18BBBF0E21EE8B160099F9A7 /* Sources */ = {
			isa = PBXSourcesBuildPhase;
			buildActionMask = 2147483647;
			files = (
				18BBBF1721EE8B160099F9A7 /* LiYangHW1UITests.swift in Sources */,
			);
			runOnlyForDeploymentPostprocessing = 0;
		};
/* End PBXSourcesBuildPhase section */

/* Begin PBXTargetDependency section */
		18BBBF0921EE8B160099F9A7 /* PBXTargetDependency */ = {
			isa = PBXTargetDependency;
			target = 18BBBEF221EE8B150099F9A7 /* LiYangHW1 */;
			targetProxy = 18BBBF0821EE8B160099F9A7 /* PBXContainerItemProxy */;
		};
		18BBBF1421EE8B160099F9A7 /* PBXTargetDependency */ = {
			isa = PBXTargetDependency;
			target = 18BBBEF221EE8B150099F9A7 /* LiYangHW1 */;
			targetProxy = 18BBBF1321EE8B160099F9A7 /* PBXContainerItemProxy */;
		};
/* End PBXTargetDependency section */

/* Begin PBXVariantGroup section */
		18BBBEFA21EE8B150099F9A7 /* Main.storyboard */ = {
			isa = PBXVariantGroup;
			children = (
				18BBBEFB21EE8B150099F9A7 /* Base */,
			);
			name = Main.storyboard;
			sourceTree = "<group>";
		};
		18BBBEFF21EE8B150099F9A7 /* LaunchScreen.storyboard */ = {
			isa = PBXVariantGroup;
			children = (
				18BBBF0021EE8B150099F9A7 /* Base */,
			);
			name = LaunchScreen.storyboard;
			sourceTree = "<group>";
		};
/* End PBXVariantGroup section */

/* Begin XCBuildConfiguration section */
		18BBBF1921EE8B160099F9A7 /* Debug */ = {
			isa = XCBuildConfiguration;
			buildSettings = {
				ALWAYS_SEARCH_USER_PATHS = NO;
				CLANG_ANALYZER_NONNULL = YES;
				CLANG_ANALYZER_NUMBER_OBJECT_CONVERSION = YES_AGGRESSIVE;
				CLANG_CXX_LANGUAGE_STANDARD = "gnu++14";
				CLANG_CXX_LIBRARY = "libc++";
				CLANG_ENABLE_MODULES = YES;
				CLANG_ENABLE_OBJC_ARC = YES;
				CLANG_ENABLE_OBJC_WEAK = YES;
				CLANG_WARN_BLOCK_CAPTURE_AUTORELEASING = YES;
				CLANG_WARN_BOOL_CONVERSION = YES;
				CLANG_WARN_COMMA = YES;
				CLANG_WARN_CONSTANT_CONVERSION = YES;
				CLANG_WARN_DEPRECATED_OBJC_IMPLEMENTATIONS = YES;
				CLANG_WARN_DIRECT_OBJC_ISA_USAGE = YES_ERROR;
				CLANG_WARN_DOCUMENTATION_COMMENTS = YES;
				CLANG_WARN_EMPTY_BODY = YES;
				CLANG_WARN_ENUM_CONVERSION = YES;
				CLANG_WARN_INFINITE_RECURSION = YES;
				CLANG_WARN_INT_CONVERSION = YES;
				CLANG_WARN_NON_LITERAL_NULL_CONVERSION = YES;
				CLANG_WARN_OBJC_IMPLICIT_RETAIN_SELF = YES;
				CLANG_WARN_OBJC_LITERAL_CONVERSION = YES;
				CLANG_WARN_OBJC_ROOT_CLASS = YES_ERROR;
				CLANG_WARN_RANGE_LOOP_ANALYSIS = YES;
				CLANG_WARN_STRICT_PROTOTYPES = YES;
				CLANG_WARN_SUSPICIOUS_MOVE = YES;
				CLANG_WARN_UNGUARDED_AVAILABILITY = YES_AGGRESSIVE;
				CLANG_WARN_UNREACHABLE_CODE = YES;
				CLANG_WARN__DUPLICATE_METHOD_MATCH = YES;
				CODE_SIGN_IDENTITY = "iPhone Developer";
				COPY_PHASE_STRIP = NO;
				DEBUG_INFORMATION_FORMAT = dwarf;
				ENABLE_STRICT_OBJC_MSGSEND = YES;
				ENABLE_TESTABILITY = YES;
				GCC_C_LANGUAGE_STANDARD = gnu11;
				GCC_DYNAMIC_NO_PIC = NO;
				GCC_NO_COMMON_BLOCKS = YES;
				GCC_OPTIMIZATION_LEVEL = 0;
				GCC_PREPROCESSOR_DEFINITIONS = (
					"DEBUG=1",
					"$(inherited)",
				);
				GCC_WARN_64_TO_32_BIT_CONVERSION = YES;
				GCC_WARN_ABOUT_RETURN_TYPE = YES_ERROR;
				GCC_WARN_UNDECLARED_SELECTOR = YES;
				GCC_WARN_UNINITIALIZED_AUTOS = YES_AGGRESSIVE;
				GCC_WARN_UNUSED_FUNCTION = YES;
				GCC_WARN_UNUSED_VARIABLE = YES;
				IPHONEOS_DEPLOYMENT_TARGET = 12.1;
				MTL_ENABLE_DEBUG_INFO = INCLUDE_SOURCE;
				MTL_FAST_MATH = YES;
				ONLY_ACTIVE_ARCH = YES;
				SDKROOT = iphoneos;
				SWIFT_ACTIVE_COMPILATION_CONDITIONS = DEBUG;
				SWIFT_OPTIMIZATION_LEVEL = "-Onone";
			};
			name = Debug;
		};
		18BBBF1A21EE8B160099F9A7 /* Release */ = {
			isa = XCBuildConfiguration;
			buildSettings = {
				ALWAYS_SEARCH_USER_PATHS = NO;
				CLANG_ANALYZER_NONNULL = YES;
				CLANG_ANALYZER_NUMBER_OBJECT_CONVERSION = YES_AGGRESSIVE;
				CLANG_CXX_LANGUAGE_STANDARD = "gnu++14";
				CLANG_CXX_LIBRARY = "libc++";
				CLANG_ENABLE_MODULES = YES;
				CLANG_ENABLE_OBJC_ARC = YES;
				CLANG_ENABLE_OBJC_WEAK = YES;
				CLANG_WARN_BLOCK_CAPTURE_AUTORELEASING = YES;
				CLANG_WARN_BOOL_CONVERSION = YES;
				CLANG_WARN_COMMA = YES;
				CLANG_WARN_CONSTANT_CONVERSION = YES;
				CLANG_WARN_DEPRECATED_OBJC_IMPLEMENTATIONS = YES;
				CLANG_WARN_DIRECT_OBJC_ISA_USAGE = YES_ERROR;
				CLANG_WARN_DOCUMENTATION_COMMENTS = YES;
				CLANG_WARN_EMPTY_BODY = YES;
				CLANG_WARN_ENUM_CONVERSION = YES;
				CLANG_WARN_INFINITE_RECURSION = YES;
				CLANG_WARN_INT_CONVERSION = YES;
				CLANG_WARN_NON_LITERAL_NULL_CONVERSION = YES;
				CLANG_WARN_OBJC_IMPLICIT_RETAIN_SELF = YES;
				CLANG_WARN_OBJC_LITERAL_CONVERSION = YES;
				CLANG_WARN_OBJC_ROOT_CLASS = YES_ERROR;
				CLANG_WARN_RANGE_LOOP_ANALYSIS = YES;
				CLANG_WARN_STRICT_PROTOTYPES = YES;
				CLANG_WARN_SUSPICIOUS_MOVE = YES;
				CLANG_WARN_UNGUARDED_AVAILABILITY = YES_AGGRESSIVE;
				CLANG_WARN_UNREACHABLE_CODE = YES;
				CLANG_WARN__DUPLICATE_METHOD_MATCH = YES;
				CODE_SIGN_IDENTITY = "iPhone Developer";
				COPY_PHASE_STRIP = NO;
				DEBUG_INFORMATION_FORMAT = "dwarf-with-dsym";
				ENABLE_NS_ASSERTIONS = NO;
				ENABLE_STRICT_OBJC_MSGSEND = YES;
				GCC_C_LANGUAGE_STANDARD = gnu11;
				GCC_NO_COMMON_BLOCKS = YES;
				GCC_WARN_64_TO_32_BIT_CONVERSION = YES;
				GCC_WARN_ABOUT_RETURN_TYPE = YES_ERROR;
				GCC_WARN_UNDECLARED_SELECTOR = YES;
				GCC_WARN_UNINITIALIZED_AUTOS = YES_AGGRESSIVE;
				GCC_WARN_UNUSED_FUNCTION = YES;
				GCC_WARN_UNUSED_VARIABLE = YES;
				IPHONEOS_DEPLOYMENT_TARGET = 12.1;
				MTL_ENABLE_DEBUG_INFO = NO;
				MTL_FAST_MATH = YES;
				SDKROOT = iphoneos;
				SWIFT_COMPILATION_MODE = wholemodule;
				SWIFT_OPTIMIZATION_LEVEL = "-O";
				VALIDATE_PRODUCT = YES;
			};
			name = Release;
		};
		18BBBF1C21EE8B160099F9A7 /* Debug */ = {
			isa = XCBuildConfiguration;
			buildSettings = {
				ASSETCATALOG_COMPILER_APPICON_NAME = AppIcon;
				CODE_SIGN_STYLE = Automatic;
				DEVELOPMENT_TEAM = 7C3DJD6ZG9;
				INFOPLIST_FILE = LiYangHW1/Info.plist;
				LD_RUNPATH_SEARCH_PATHS = (
					"$(inherited)",
					"@executable_path/Frameworks",
				);
				PRODUCT_BUNDLE_IDENTIFIER = com.ntsliyang.LiYangHW1;
				PRODUCT_NAME = "$(TARGET_NAME)";
				SWIFT_VERSION = 4.2;
				TARGETED_DEVICE_FAMILY = "1,2";
			};
			name = Debug;
		};
		18BBBF1D21EE8B160099F9A7 /* Release */ = {
			isa = XCBuildConfiguration;
			buildSettings = {
				ASSETCATALOG_COMPILER_APPICON_NAME = AppIcon;
				CODE_SIGN_STYLE = Automatic;
				DEVELOPMENT_TEAM = 7C3DJD6ZG9;
				INFOPLIST_FILE = LiYangHW1/Info.plist;
				LD_RUNPATH_SEARCH_PATHS = (
					"$(inherited)",
					"@executable_path/Frameworks",
				);
				PRODUCT_BUNDLE_IDENTIFIER = com.ntsliyang.LiYangHW1;
				PRODUCT_NAME = "$(TARGET_NAME)";
				SWIFT_VERSION = 4.2;
				TARGETED_DEVICE_FAMILY = "1,2";
			};
			name = Release;
		};
		18BBBF1F21EE8B160099F9A7 /* Debug */ = {
			isa = XCBuildConfiguration;
			buildSettings = {
				ALWAYS_EMBED_SWIFT_STANDARD_LIBRARIES = YES;
				BUNDLE_LOADER = "$(TEST_HOST)";
				CODE_SIGN_STYLE = Automatic;
				INFOPLIST_FILE = LiYangHW1Tests/Info.plist;
				LD_RUNPATH_SEARCH_PATHS = (
					"$(inherited)",
					"@executable_path/Frameworks",
					"@loader_path/Frameworks",
				);
				PRODUCT_BUNDLE_IDENTIFIER = com.ntsliyang.LiYangHW1Tests;
				PRODUCT_NAME = "$(TARGET_NAME)";
				SWIFT_VERSION = 4.2;
				TARGETED_DEVICE_FAMILY = "1,2";
				TEST_HOST = "$(BUILT_PRODUCTS_DIR)/LiYangHW1.app/LiYangHW1";
			};
			name = Debug;
		};
		18BBBF2021EE8B160099F9A7 /* Release */ = {
			isa = XCBuildConfiguration;
			buildSettings = {
				ALWAYS_EMBED_SWIFT_STANDARD_LIBRARIES = YES;
				BUNDLE_LOADER = "$(TEST_HOST)";
				CODE_SIGN_STYLE = Automatic;
				INFOPLIST_FILE = LiYangHW1Tests/Info.plist;
				LD_RUNPATH_SEARCH_PATHS = (
					"$(inherited)",
					"@executable_path/Frameworks",
					"@loader_path/Frameworks",
				);
				PRODUCT_BUNDLE_IDENTIFIER = com.ntsliyang.LiYangHW1Tests;
				PRODUCT_NAME = "$(TARGET_NAME)";
				SWIFT_VERSION = 4.2;
				TARGETED_DEVICE_FAMILY = "1,2";
				TEST_HOST = "$(BUILT_PRODUCTS_DIR)/LiYangHW1.app/LiYangHW1";
			};
			name = Release;
		};
		18BBBF2221EE8B160099F9A7 /* Debug */ = {
			isa = XCBuildConfiguration;
			buildSettings = {
				ALWAYS_EMBED_SWIFT_STANDARD_LIBRARIES = YES;
				CODE_SIGN_STYLE = Automatic;
				INFOPLIST_FILE = LiYangHW1UITests/Info.plist;
				LD_RUNPATH_SEARCH_PATHS = (
					"$(inherited)",
					"@executable_path/Frameworks",
					"@loader_path/Frameworks",
				);
				PRODUCT_BUNDLE_IDENTIFIER = com.ntsliyang.LiYangHW1UITests;
				PRODUCT_NAME = "$(TARGET_NAME)";
				SWIFT_VERSION = 4.2;
				TARGETED_DEVICE_FAMILY = "1,2";
				TEST_TARGET_NAME = LiYangHW1;
			};
			name = Debug;
		};
		18BBBF2321EE8B160099F9A7 /* Release */ = {
			isa = XCBuildConfiguration;
			buildSettings = {
				ALWAYS_EMBED_SWIFT_STANDARD_LIBRARIES = YES;
				CODE_SIGN_STYLE = Automatic;
				INFOPLIST_FILE = LiYangHW1UITests/Info.plist;
				LD_RUNPATH_SEARCH_PATHS = (
					"$(inherited)",
					"@executable_path/Frameworks",
					"@loader_path/Frameworks",
				);
				PRODUCT_BUNDLE_IDENTIFIER = com.ntsliyang.LiYangHW1UITests;
				PRODUCT_NAME = "$(TARGET_NAME)";
				SWIFT_VERSION = 4.2;
				TARGETED_DEVICE_FAMILY = "1,2";
				TEST_TARGET_NAME = LiYangHW1;
			};
			name = Release;
		};
/* End XCBuildConfiguration section */

/* Begin XCConfigurationList section */
		18BBBEEE21EE8B150099F9A7 /* Build configuration list for PBXProject "LiYangHW1" */ = {
			isa = XCConfigurationList;
			buildConfigurations = (
				18BBBF1921EE8B160099F9A7 /* Debug */,
				18BBBF1A21EE8B160099F9A7 /* Release */,
			);
			defaultConfigurationIsVisible = 0;
			defaultConfigurationName = Release;
		};
		18BBBF1B21EE8B160099F9A7 /* Build configuration list for PBXNativeTarget "LiYangHW1" */ = {
			isa = XCConfigurationList;
			buildConfigurations = (
				18BBBF1C21EE8B160099F9A7 /* Debug */,
				18BBBF1D21EE8B160099F9A7 /* Release */,
			);
			defaultConfigurationIsVisible = 0;
			defaultConfigurationName = Release;
		};
		18BBBF1E21EE8B160099F9A7 /* Build configuration list for PBXNativeTarget "LiYangHW1Tests" */ = {
			isa = XCConfigurationList;
			buildConfigurations = (
				18BBBF1F21EE8B160099F9A7 /* Debug */,
				18BBBF2021EE8B160099F9A7 /* Release */,
			);
			defaultConfigurationIsVisible = 0;
			defaultConfigurationName = Release;
		};
		18BBBF2121EE8B160099F9A7 /* Build configuration list for PBXNativeTarget "LiYangHW1UITests" */ = {
			isa = XCConfigurationList;
			buildConfigurations = (
				18BBBF2221EE8B160099F9A7 /* Debug */,
				18BBBF2321EE8B160099F9A7 /* Release */,
			);
			defaultConfigurationIsVisible = 0;
			defaultConfigurationName = Release;
		};
/* End XCConfigurationList section */
	};
	rootObject = 18BBBEEB21EE8B150099F9A7 /* Project object */;
}
